{
    "_readme": [
        "This file locks the dependencies of your project to a known state",
        "Read more about it at https://getcomposer.org/doc/01-basic-usage.md#composer-lock-the-lock-file",
        "This file is @generated automatically"
    ],
    "hash": "ce58dcc19ce10c4888defb60c50715b6",
    "content-hash": "ab9062bdc2933797779dc44a28b77900",
    "packages": [
        {
            "name": "andreas-glaser/php-helpers",
            "version": "1.1.0",
            "source": {
                "type": "git",
                "url": "https://github.com/andreas-glaser/php-helpers.git",
                "reference": "5e933233e6dda14478ea24cb2d51f001b3deebc0"
            },
            "dist": {
                "type": "zip",
                "url": "https://api.github.com/repos/andreas-glaser/php-helpers/zipball/5e933233e6dda14478ea24cb2d51f001b3deebc0",
                "reference": "5e933233e6dda14478ea24cb2d51f001b3deebc0",
                "shasum": ""
            },
            "require": {
                "php": "^7"
            },
            "require-dev": {
                "phpunit/phpunit": "^5"
            },
            "type": "library",
            "extra": {
                "branch-alias": {
                    "dev-master": "1.1.x-dev"
                }
            },
            "autoload": {
                "psr-4": {
                    "AndreasGlaser\\Helpers\\": "src/"
                }
            },
            "notification-url": "https://packagist.org/downloads/",
            "license": [
                "MIT"
            ],
            "authors": [
                {
                    "name": "Andreas Glaser",
                    "email": "andreas.glaser@protonmail.com",
                    "homepage": "https://andreas.glaser.me"
                }
            ],
            "description": "A simple php library of various helper functions and classes.",
            "homepage": "https://github.com/andreas-glaser/php-helpers",
            "keywords": [
                "helper",
                "php"
            ],
            "time": "2016-12-29 06:48:50"
        },
        {
            "name": "more-sparetime/wp-plugin-builder",
            "version": "dev-master",
            "source": {
                "type": "git",
                "url": "https://github.com/more-sparetime/wp-plugin-builder.git",
                "reference": "33ed18ed91f698d25429750a18244436e2d23a66"
            },
            "dist": {
                "type": "zip",
                "url": "https://api.github.com/repos/more-sparetime/wp-plugin-builder/zipball/33ed18ed91f698d25429750a18244436e2d23a66",
                "reference": "33ed18ed91f698d25429750a18244436e2d23a66",
                "shasum": ""
            },
            "require": {
                "andreas-glaser/php-helpers": "^1",
                "php": "^5.5||^7"
            },
            "require-dev": {
                "phpunit/phpunit": "^5",
                "symfony/var-dumper": "@stable"
            },
            "type": "library",
            "extra": {
                "branch-alias": {
                    "dev-master": "0.1-dev"
                }
            },
            "autoload": {
                "psr-4": {
                    "MoreSparetime\\WordPress\\PluginBuilder\\": "src/"
                }
            },
            "notification-url": "https://packagist.org/downloads/",
            "license": [
                "MIT"
            ],
            "authors": [
                {
                    "name": "Andreas Glaser",
                    "email": "andreas.c.glaser@gmail.com",
                    "homepage": "http://andreas.glaser.me"
                }
            ],
            "description": "Optimized, object oriented WordPress plugin builder library",
            "homepage": "https://github.com/more-sparetime/wp-plugin-builder",
            "keywords": [
                "framework",
                "php",
                "plugin",
                "wordpress"
            ],
            "time": "2017-01-17 14:19:17"
        }
    ],
    "packages-dev": [],
    "aliases": [],
    "minimum-stability": "stable",
    "stability-flags": {
        "more-sparetime/wp-plugin-builder": 20
    },
    "prefer-stable": false,
    "prefer-lowest": false,
    "platform": [],
    "platform-dev": []
}
